github.com/aws/aws-lambda-go v1.52.0 h1:5NfiRaVl9FafUIt2Ld/Bv22kT371mfAI+l1Hd+tV7ZE=
github.com/aws/aws-lambda-go v1.52.0/go.mod h1:dpMpZgvWx5vuQJfBt0zqBha60q7Dd7RfgJv23DymV8A=
github.com/aws/aws-sdk-go-v2 v1.41.2 h1:LuT2rzqNQsauaGkPK/7813XxcZ3o3yePY0Iy891T2ls=
github.com/aws/aws-sdk-go-v2 v1.41.2/go.mod h1:IvvlAZQXvTXznUPfRVfryiG1fbzE2NGK6m9u39YQ+S4=
github.com/aws/aws-sdk-go-v2/feature/dynamodb/attributevalue v1.20.33 h1:tINq0eg/HSimSYzqEpTRgy1fJr6XEhDALq3yImy1qnQ=
github.com/aws/aws-sdk-go-v2/feature/dynamodb/attributevalue v1.20.33/go.mod h1:rsl1XAK5eF2eDlMrBNLNhUK0f4Y0RAarD2EtCcQ+blc=
github.com/aws/aws-sdk-go-v2/service/dynamodb v1.56.0 h1:n5BubZVgbYyweQmdqMT+HMhH07wCxmMyBAQy/VhinoU=
github.com/aws/aws-sdk-go-v2/service/dynamodb v1.56.0/go.mod h1:IFMlDGLL3eM098XqgRk27wateJOnrzp7zz93Wh/F9qk=
github.com/aws/aws-sdk-go-v2/service/dynamodbstreams v1.32.11 h1:ydF2yYRyuptemL5HCRDX0sxBWsdsoj6LjgSD1NxdNrQ=
github.com/aws/aws-sdk-go-v2/service/dynamodbstreams v1.32.11/go.mod h1:4uexBXnh1dUUAI9jQQ2l0QXW7llreUkzYxisghnH8Ss=
github.com/aws/smithy-go v1.24.1 h1:VbyeNfmYkWoxMVpGUAbQumkODcYmfMRfZ8yQiH30SK0=
github.com/aws/smithy-go v1.24.1/go.mod h1:LEj2LM3rBRQJxPZTB4KuzZkaZYnZPnvgIhb4pu07mx0=
github.com/davecgh/go-spew v1.1.1 h1:vj9j/u1bqnvCEfJOwUhtlOARqs3+rkHYY13jYWTU97c=
github.com/davecgh/go-spew v1.1.1/go.mod h1:J7Y8YcW2NihsgmVo/mv3lAwl/skON4iLHjSsI+c5H38=
github.com/pmezard/go-difflib v1.0.0 h1:4DBwDE0NGyQoBHbLQYPwSUPoCMWR5BEzIk/f1lZbAQM=
github.com/pmezard/go-difflib v1.0.0/go.mod h1:iKH77koFhYxTK1pcRnkKkqfTogsbg7gZNVY4sRDYZ/4=
github.com/stretchr/testify v1.7.2 h1:4jaiDzPyXQvSd7D0EjG45355tLlV3VOECpq10pLC+8s=
github.com/stretchr/testify v1.7.2/go.mod h1:R6va5+xMeoiuVRoj+gSkQ7d3FALtqAAGI1FQKckRals=
gopkg.in/yaml.v3 v3.0.1 h1:fxVm/GzAzEWqLHuvctI91KS9hhNmmWOoWu0XTYJS7CA=
gopkg.in/yaml.v3 v3.0.1/go.mod h1:K4uyk7z7BCEPqu6E+C64Yfv1cQ7kz7rIZviUmN+EgEM=
